
Microsoft Visual Studio Solution File, Format Version 12.00
# Visual Studio Version 17
VisualStudioVersion = 17.6.33723.286
MinimumVisualStudioVersion = 10.0.40219.1
Project("{FAE04EC0-301F-11D3-BF4B-00C04F79EFBC}") = "HomeWork10", "HomeWork10.csproj", "{0198BEA4-9135-4391-BEDD-697CD66ACBC1}"
EndProject
Global
	GlobalSection(SolutionConfigurationPlatforms) = preSolution
		Debug|Any CPU = Debug|Any CPU
		Release|Any CPU = Release|Any CPU
	EndGlobalSection
	GlobalSection(ProjectConfigurationPlatforms) = postSolution
		{0198BEA4-9135-4391-BEDD-697CD66ACBC1}.Debug|Any CPU.ActiveCfg = Debug|Any CPU
		{0198BEA4-9135-4391-BEDD-697CD66ACBC1}.Debug|Any CPU.Build.0 = Debug|Any CPU
		{0198BEA4-9135-4391-BEDD-697CD66ACBC1}.Release|Any CPU.ActiveCfg = Release|Any CPU
		{0198BEA4-9135-4391-BEDD-697CD66ACBC1}.Release|Any CPU.Build.0 = Release|Any CPU
	EndGlobalSection
	GlobalSection(SolutionProperties) = preSolution
		HideSolutionNode = FALSE
	EndGlobalSection
	GlobalSection(ExtensibilityGlobals) = postSolution
		SolutionGuid = {38485EFE-BEF7-4FD6-ADF4-4179EF7CB17E}
	EndGlobalSection
EndGlobal
