
Microsoft Visual Studio Solution File, Format Version 12.00
# Visual Studio Version 17
VisualStudioVersion = 17.6.33723.286
MinimumVisualStudioVersion = 10.0.40219.1
Project("{FAE04EC0-301F-11D3-BF4B-00C04F79EFBC}") = "HomeWork11", "HomeWork11.csproj", "{05174800-7DD4-4070-B8E3-F1FA3D80A97A}"
EndProject
Global
	GlobalSection(SolutionConfigurationPlatforms) = preSolution
		Debug|Any CPU = Debug|Any CPU
		Release|Any CPU = Release|Any CPU
	EndGlobalSection
	GlobalSection(ProjectConfigurationPlatforms) = postSolution
		{05174800-7DD4-4070-B8E3-F1FA3D80A97A}.Debug|Any CPU.ActiveCfg = Debug|Any CPU
		{05174800-7DD4-4070-B8E3-F1FA3D80A97A}.Debug|Any CPU.Build.0 = Debug|Any CPU
		{05174800-7DD4-4070-B8E3-F1FA3D80A97A}.Release|Any CPU.ActiveCfg = Release|Any CPU
		{05174800-7DD4-4070-B8E3-F1FA3D80A97A}.Release|Any CPU.Build.0 = Release|Any CPU
	EndGlobalSection
	GlobalSection(SolutionProperties) = preSolution
		HideSolutionNode = FALSE
	EndGlobalSection
	GlobalSection(ExtensibilityGlobals) = postSolution
		SolutionGuid = {0207ADC1-DE64-434D-9EDF-0404104B1D25}
	EndGlobalSection
EndGlobal
